// !$*UTF8*$!
{
	archiveVersion = 1;
	classes = {
	};
	objectVersion = 46;
	objects = {

/* Begin PBXBuildFile section */
		FE4BF76B1BE68B9100986A45 /* AppDelegate.swift in Sources */ = {isa = PBXBuildFile; fileRef = FE4BF76A1BE68B9100986A45 /* AppDelegate.swift */; };
		FE4BF76D1BE68B9100986A45 /* ListViewController.swift in Sources */ = {isa = PBXBuildFile; fileRef = FE4BF76C1BE68B9100986A45 /* ListViewController.swift */; };
		FE4BF7701BE68B9100986A45 /* Main.storyboard in Resources */ = {isa = PBXBuildFile; fileRef = FE4BF76E1BE68B9100986A45 /* Main.storyboard */; };
		FE4BF7721BE68B9100986A45 /* Assets.xcassets in Resources */ = {isa = PBXBuildFile; fileRef = FE4BF7711BE68B9100986A45 /* Assets.xcassets */; };
		FE4BF7751BE68B9100986A45 /* LaunchScreen.storyboard in Resources */ = {isa = PBXBuildFile; fileRef = FE4BF7731BE68B9100986A45 /* LaunchScreen.storyboard */; };
		FE4BF7801BE68B9100986A45 /* DeviceInfoSendTests.swift in Sources */ = {isa = PBXBuildFile; fileRef = FE4BF77F1BE68B9100986A45 /* DeviceInfoSendTests.swift */; };
		FE4BF78B1BE68B9100986A45 /* DeviceInfoSendUITests.swift in Sources */ = {isa = PBXBuildFile; fileRef = FE4BF78A1BE68B9100986A45 /* DeviceInfoSendUITests.swift */; };
		FE59379C1BFE72E400D4B551 /* ChecklistItem.swift in Sources */ = {isa = PBXBuildFile; fileRef = FE59379B1BFE72E400D4B551 /* ChecklistItem.swift */; };
		FE8CB8B61BEBFD6A0052928E /* SystemServices.m in Sources */ = {isa = PBXBuildFile; fileRef = FE8CB8B51BEBFD6A0052928E /* SystemServices.m */; };
		FE8CB8D51BEC1F4B0052928E /* NSObject+PerformBlockAfterDelay.m in Sources */ = {isa = PBXBuildFile; fileRef = FE8CB8B91BEC1F4B0052928E /* NSObject+PerformBlockAfterDelay.m */; };
		FE8CB8D61BEC1F4B0052928E /* SSAccelerometerInfo.m in Sources */ = {isa = PBXBuildFile; fileRef = FE8CB8BB1BEC1F4B0052928E /* SSAccelerometerInfo.m */; };
		FE8CB8D71BEC1F4B0052928E /* SSAccessoryInfo.m in Sources */ = {isa = PBXBuildFile; fileRef = FE8CB8BD1BEC1F4B0052928E /* SSAccessoryInfo.m */; };
		FE8CB8D81BEC1F4B0052928E /* SSApplicationInfo.m in Sources */ = {isa = PBXBuildFile; fileRef = FE8CB8BF1BEC1F4B0052928E /* SSApplicationInfo.m */; };
		FE8CB8D91BEC1F4B0052928E /* SSBatteryInfo.m in Sources */ = {isa = PBXBuildFile; fileRef = FE8CB8C11BEC1F4B0052928E /* SSBatteryInfo.m */; };
		FE8CB8DA1BEC1F4B0052928E /* SSCarrierInfo.m in Sources */ = {isa = PBXBuildFile; fileRef = FE8CB8C31BEC1F4B0052928E /* SSCarrierInfo.m */; };
		FE8CB8DB1BEC1F4B0052928E /* SSDiskInfo.m in Sources */ = {isa = PBXBuildFile; fileRef = FE8CB8C51BEC1F4B0052928E /* SSDiskInfo.m */; };
		FE8CB8DC1BEC1F4B0052928E /* SSHardwareInfo.m in Sources */ = {isa = PBXBuildFile; fileRef = FE8CB8C71BEC1F4B0052928E /* SSHardwareInfo.m */; };
		FE8CB8DD1BEC1F4B0052928E /* SSLocalizationInfo.m in Sources */ = {isa = PBXBuildFile; fileRef = FE8CB8C91BEC1F4B0052928E /* SSLocalizationInfo.m */; };
		FE8CB8DE1BEC1F4B0052928E /* SSMemoryInfo.m in Sources */ = {isa = PBXBuildFile; fileRef = FE8CB8CB1BEC1F4B0052928E /* SSMemoryInfo.m */; };
		FE8CB8DF1BEC1F4B0052928E /* SSNetworkInfo.m in Sources */ = {isa = PBXBuildFile; fileRef = FE8CB8CD1BEC1F4B0052928E /* SSNetworkInfo.m */; };
		FE8CB8E01BEC1F4B0052928E /* SSProcessInfo.m in Sources */ = {isa = PBXBuildFile; fileRef = FE8CB8CF1BEC1F4B0052928E /* SSProcessInfo.m */; };
		FE8CB8E11BEC1F4B0052928E /* SSProcessorInfo.m in Sources */ = {isa = PBXBuildFile; fileRef = FE8CB8D11BEC1F4B0052928E /* SSProcessorInfo.m */; };
		FE8CB8E21BEC1F4B0052928E /* SSUUID.m in Sources */ = {isa = PBXBuildFile; fileRef = FE8CB8D31BEC1F4B0052928E /* SSUUID.m */; };
		FEB5AA3E1C5851130001C3BD /* TermsViewController.swift in Sources */ = {isa = PBXBuildFile; fileRef = FEB5AA3D1C5851130001C3BD /* TermsViewController.swift */; };
		FEF3D5651C0211BF00DC68C8 /* question1.jpeg in Resources */ = {isa = PBXBuildFile; fileRef = FEF3D5641C0211BF00DC68C8 /* question1.jpeg */; };
/* End PBXBuildFile section */

/* Begin PBXContainerItemProxy section */
		FE4BF77C1BE68B9100986A45 /* PBXContainerItemProxy */ = {
			isa = PBXContainerItemProxy;
			containerPortal = FE4BF75F1BE68B9100986A45 /* Project object */;
			proxyType = 1;
			remoteGlobalIDString = FE4BF7661BE68B9100986A45;
			remoteInfo = DeviceInfoSend;
		};
		FE4BF7871BE68B9100986A45 /* PBXContainerItemProxy */ = {
			isa = PBXContainerItemProxy;
			containerPortal = FE4BF75F1BE68B9100986A45 /* Project object */;
			proxyType = 1;
			remoteGlobalIDString = FE4BF7661BE68B9100986A45;
			remoteInfo = DeviceInfoSend;
		};
/* End PBXContainerItemProxy section */

/* Begin PBXFileReference section */
		FE4B7B231BF56751002BCCB6 /* route.h */ = {isa = PBXFileReference; lastKnownFileType = sourcecode.c.h; path = route.h; sourceTree = "<group>"; };
		FE4BF7671BE68B9100986A45 /* DeviceInfoSend.app */ = {isa = PBXFileReference; explicitFileType = wrapper.application; includeInIndex = 0; path = DeviceInfoSend.app; sourceTree = BUILT_PRODUCTS_DIR; };
		FE4BF76A1BE68B9100986A45 /* AppDelegate.swift */ = {isa = PBXFileReference; lastKnownFileType = sourcecode.swift; path = AppDelegate.swift; sourceTree = "<group>"; };
		FE4BF76C1BE68B9100986A45 /* ListViewController.swift */ = {isa = PBXFileReference; lastKnownFileType = sourcecode.swift; path = ListViewController.swift; sourceTree = "<group>"; };
		FE4BF76F1BE68B9100986A45 /* Base */ = {isa = PBXFileReference; lastKnownFileType = file.storyboard; name = Base; path = Base.lproj/Main.storyboard; sourceTree = "<group>"; };
		FE4BF7711BE68B9100986A45 /* Assets.xcassets */ = {isa = PBXFileReference; lastKnownFileType = folder.assetcatalog; path = Assets.xcassets; sourceTree = "<group>"; };
		FE4BF7741BE68B9100986A45 /* Base */ = {isa = PBXFileReference; lastKnownFileType = file.storyboard; name = Base; path = Base.lproj/LaunchScreen.storyboard; sourceTree = "<group>"; };
		FE4BF7761BE68B9100986A45 /* Info.plist */ = {isa = PBXFileReference; lastKnownFileType = text.plist.xml; path = Info.plist; sourceTree = "<group>"; };
		FE4BF77B1BE68B9100986A45 /* DeviceInfoSendTests.xctest */ = {isa = PBXFileReference; explicitFileType = wrapper.cfbundle; includeInIndex = 0; path = DeviceInfoSendTests.xctest; sourceTree = BUILT_PRODUCTS_DIR; };
		FE4BF77F1BE68B9100986A45 /* DeviceInfoSendTests.swift */ = {isa = PBXFileReference; lastKnownFileType = sourcecode.swift; path = DeviceInfoSendTests.swift; sourceTree = "<group>"; };
		FE4BF7811BE68B9100986A45 /* Info.plist */ = {isa = PBXFileReference; lastKnownFileType = text.plist.xml; path = Info.plist; sourceTree = "<group>"; };
		FE4BF7861BE68B9100986A45 /* DeviceInfoSendUITests.xctest */ = {isa = PBXFileReference; explicitFileType = wrapper.cfbundle; includeInIndex = 0; path = DeviceInfoSendUITests.xctest; sourceTree = BUILT_PRODUCTS_DIR; };
		FE4BF78A1BE68B9100986A45 /* DeviceInfoSendUITests.swift */ = {isa = PBXFileReference; lastKnownFileType = sourcecode.swift; path = DeviceInfoSendUITests.swift; sourceTree = "<group>"; };
		FE4BF78C1BE68B9100986A45 /* Info.plist */ = {isa = PBXFileReference; lastKnownFileType = text.plist.xml; path = Info.plist; sourceTree = "<group>"; };
		FE59379B1BFE72E400D4B551 /* ChecklistItem.swift */ = {isa = PBXFileReference; fileEncoding = 4; lastKnownFileType = sourcecode.swift; path = ChecklistItem.swift; sourceTree = "<group>"; };
		FE8CB8B31BEBFD690052928E /* DeviceInfoSend-Bridging-Header.h */ = {isa = PBXFileReference; lastKnownFileType = sourcecode.c.h; path = "DeviceInfoSend-Bridging-Header.h"; sourceTree = "<group>"; };
		FE8CB8B41BEBFD6A0052928E /* SystemServices.h */ = {isa = PBXFileReference; fileEncoding = 4; lastKnownFileType = sourcecode.c.h; name = SystemServices.h; path = ../../junkApp/junkApp/SystemServices.h; sourceTree = "<group>"; };
		FE8CB8B51BEBFD6A0052928E /* SystemServices.m */ = {isa = PBXFileReference; fileEncoding = 4; lastKnownFileType = sourcecode.c.objc; name = SystemServices.m; path = ../../junkApp/junkApp/SystemServices.m; sourceTree = "<group>"; };
		FE8CB8B81BEC1F4B0052928E /* NSObject+PerformBlockAfterDelay.h */ = {isa = PBXFileReference; fileEncoding = 4; lastKnownFileType = sourcecode.c.h; path = "NSObject+PerformBlockAfterDelay.h"; sourceTree = "<group>"; };
		FE8CB8B91BEC1F4B0052928E /* NSObject+PerformBlockAfterDelay.m */ = {isa = PBXFileReference; fileEncoding = 4; lastKnownFileType = sourcecode.c.objc; path = "NSObject+PerformBlockAfterDelay.m"; sourceTree = "<group>"; };
		FE8CB8BA1BEC1F4B0052928E /* SSAccelerometerInfo.h */ = {isa = PBXFileReference; fileEncoding = 4; lastKnownFileType = sourcecode.c.h; path = SSAccelerometerInfo.h; sourceTree = "<group>"; };
		FE8CB8BB1BEC1F4B0052928E /* SSAccelerometerInfo.m */ = {isa = PBXFileReference; fileEncoding = 4; lastKnownFileType = sourcecode.c.objc; path = SSAccelerometerInfo.m; sourceTree = "<group>"; };
		FE8CB8BC1BEC1F4B0052928E /* SSAccessoryInfo.h */ = {isa = PBXFileReference; fileEncoding = 4; lastKnownFileType = sourcecode.c.h; path = SSAccessoryInfo.h; sourceTree = "<group>"; };
		FE8CB8BD1BEC1F4B0052928E /* SSAccessoryInfo.m */ = {isa = PBXFileReference; fileEncoding = 4; lastKnownFileType = sourcecode.c.objc; path = SSAccessoryInfo.m; sourceTree = "<group>"; };
		FE8CB8BE1BEC1F4B0052928E /* SSApplicationInfo.h */ = {isa = PBXFileReference; fileEncoding = 4; lastKnownFileType = sourcecode.c.h; path = SSApplicationInfo.h; sourceTree = "<group>"; };
		FE8CB8BF1BEC1F4B0052928E /* SSApplicationInfo.m */ = {isa = PBXFileReference; fileEncoding = 4; lastKnownFileType = sourcecode.c.objc; path = SSApplicationInfo.m; sourceTree = "<group>"; };
		FE8CB8C01BEC1F4B0052928E /* SSBatteryInfo.h */ = {isa = PBXFileReference; fileEncoding = 4; lastKnownFileType = sourcecode.c.h; path = SSBatteryInfo.h; sourceTree = "<group>"; };
		FE8CB8C11BEC1F4B0052928E /* SSBatteryInfo.m */ = {isa = PBXFileReference; fileEncoding = 4; lastKnownFileType = sourcecode.c.objc; path = SSBatteryInfo.m; sourceTree = "<group>"; };
		FE8CB8C21BEC1F4B0052928E /* SSCarrierInfo.h */ = {isa = PBXFileReference; fileEncoding = 4; lastKnownFileType = sourcecode.c.h; path = SSCarrierInfo.h; sourceTree = "<group>"; };
		FE8CB8C31BEC1F4B0052928E /* SSCarrierInfo.m */ = {isa = PBXFileReference; fileEncoding = 4; lastKnownFileType = sourcecode.c.objc; path = SSCarrierInfo.m; sourceTree = "<group>"; };
		FE8CB8C41BEC1F4B0052928E /* SSDiskInfo.h */ = {isa = PBXFileReference; fileEncoding = 4; lastKnownFileType = sourcecode.c.h; path = SSDiskInfo.h; sourceTree = "<group>"; };
		FE8CB8C51BEC1F4B0052928E /* SSDiskInfo.m */ = {isa = PBXFileReference; fileEncoding = 4; lastKnownFileType = sourcecode.c.objc; path = SSDiskInfo.m; sourceTree = "<group>"; };
		FE8CB8C61BEC1F4B0052928E /* SSHardwareInfo.h */ = {isa = PBXFileReference; fileEncoding = 4; lastKnownFileType = sourcecode.c.h; path = SSHardwareInfo.h; sourceTree = "<group>"; };
		FE8CB8C71BEC1F4B0052928E /* SSHardwareInfo.m */ = {isa = PBXFileReference; fileEncoding = 4; lastKnownFileType = sourcecode.c.objc; path = SSHardwareInfo.m; sourceTree = "<group>"; };
		FE8CB8C81BEC1F4B0052928E /* SSLocalizationInfo.h */ = {isa = PBXFileReference; fileEncoding = 4; lastKnownFileType = sourcecode.c.h; path = SSLocalizationInfo.h; sourceTree = "<group>"; };
		FE8CB8C91BEC1F4B0052928E /* SSLocalizationInfo.m */ = {isa = PBXFileReference; fileEncoding = 4; lastKnownFileType = sourcecode.c.objc; path = SSLocalizationInfo.m; sourceTree = "<group>"; };
		FE8CB8CA1BEC1F4B0052928E /* SSMemoryInfo.h */ = {isa = PBXFileReference; fileEncoding = 4; lastKnownFileType = sourcecode.c.h; path = SSMemoryInfo.h; sourceTree = "<group>"; };
		FE8CB8CB1BEC1F4B0052928E /* SSMemoryInfo.m */ = {isa = PBXFileReference; fileEncoding = 4; lastKnownFileType = sourcecode.c.objc; path = SSMemoryInfo.m; sourceTree = "<group>"; };
		FE8CB8CC1BEC1F4B0052928E /* SSNetworkInfo.h */ = {isa = PBXFileReference; fileEncoding = 4; lastKnownFileType = sourcecode.c.h; path = SSNetworkInfo.h; sourceTree = "<group>"; };
		FE8CB8CD1BEC1F4B0052928E /* SSNetworkInfo.m */ = {isa = PBXFileReference; fileEncoding = 4; lastKnownFileType = sourcecode.c.objc; path = SSNetworkInfo.m; sourceTree = "<group>"; };
		FE8CB8CE1BEC1F4B0052928E /* SSProcessInfo.h */ = {isa = PBXFileReference; fileEncoding = 4; lastKnownFileType = sourcecode.c.h; path = SSProcessInfo.h; sourceTree = "<group>"; };
		FE8CB8CF1BEC1F4B0052928E /* SSProcessInfo.m */ = {isa = PBXFileReference; fileEncoding = 4; lastKnownFileType = sourcecode.c.objc; path = SSProcessInfo.m; sourceTree = "<group>"; };
		FE8CB8D01BEC1F4B0052928E /* SSProcessorInfo.h */ = {isa = PBXFileReference; fileEncoding = 4; lastKnownFileType = sourcecode.c.h; path = SSProcessorInfo.h; sourceTree = "<group>"; };
		FE8CB8D11BEC1F4B0052928E /* SSProcessorInfo.m */ = {isa = PBXFileReference; fileEncoding = 4; lastKnownFileType = sourcecode.c.objc; path = SSProcessorInfo.m; sourceTree = "<group>"; };
		FE8CB8D21BEC1F4B0052928E /* SSUUID.h */ = {isa = PBXFileReference; fileEncoding = 4; lastKnownFileType = sourcecode.c.h; path = SSUUID.h; sourceTree = "<group>"; };
		FE8CB8D31BEC1F4B0052928E /* SSUUID.m */ = {isa = PBXFileReference; fileEncoding = 4; lastKnownFileType = sourcecode.c.objc; path = SSUUID.m; sourceTree = "<group>"; };
		FE8CB8D41BEC1F4B0052928E /* SystemServicesConstants.h */ = {isa = PBXFileReference; fileEncoding = 4; lastKnownFileType = sourcecode.c.h; path = SystemServicesConstants.h; sourceTree = "<group>"; };
		FEB5AA3D1C5851130001C3BD /* TermsViewController.swift */ = {isa = PBXFileReference; fileEncoding = 4; lastKnownFileType = sourcecode.swift; name = TermsViewController.swift; path = ../TermsViewController.swift; sourceTree = "<group>"; };
		FEF3D5641C0211BF00DC68C8 /* question1.jpeg */ = {isa = PBXFileReference; lastKnownFileType = image.jpeg; path = question1.jpeg; sourceTree = "<group>"; };
/* End PBXFileReference section */

/* Begin PBXFrameworksBuildPhase section */
		FE4BF7641BE68B9100986A45 /* Frameworks */ = {
			isa = PBXFrameworksBuildPhase;
			buildActionMask = 2147483647;
			files = (
			);
			runOnlyForDeploymentPostprocessing = 0;
		};
		FE4BF7781BE68B9100986A45 /* Frameworks */ = {
			isa = PBXFrameworksBuildPhase;
			buildActionMask = 2147483647;
			files = (
			);
			runOnlyForDeploymentPostprocessing = 0;
		};
		FE4BF7831BE68B9100986A45 /* Frameworks */ = {
			isa = PBXFrameworksBuildPhase;
			buildActionMask = 2147483647;
			files = (
			);
			runOnlyForDeploymentPostprocessing = 0;
		};
/* End PBXFrameworksBuildPhase section */

/* Begin PBXGroup section */
		FE4BF75E1BE68B9100986A45 = {
			isa = PBXGroup;
			children = (
				FE59379B1BFE72E400D4B551 /* ChecklistItem.swift */,
				FEF3D5641C0211BF00DC68C8 /* question1.jpeg */,
				FE4BF7691BE68B9100986A45 /* DeviceInfoSend */,
				FE4BF77E1BE68B9100986A45 /* DeviceInfoSendTests */,
				FE4BF7891BE68B9100986A45 /* DeviceInfoSendUITests */,
				FE4BF7681BE68B9100986A45 /* Products */,
			);
			sourceTree = "<group>";
		};
		FE4BF7681BE68B9100986A45 /* Products */ = {
			isa = PBXGroup;
			children = (
				FE4BF7671BE68B9100986A45 /* DeviceInfoSend.app */,
				FE4BF77B1BE68B9100986A45 /* DeviceInfoSendTests.xctest */,
				FE4BF7861BE68B9100986A45 /* DeviceInfoSendUITests.xctest */,
			);
			name = Products;
			sourceTree = "<group>";
		};
		FE4BF7691BE68B9100986A45 /* DeviceInfoSend */ = {
			isa = PBXGroup;
			children = (
				FE8CB8B71BEC1F140052928E /* Utilities */,
				FE8CB8B41BEBFD6A0052928E /* SystemServices.h */,
				FE8CB8B51BEBFD6A0052928E /* SystemServices.m */,
				FE4BF76A1BE68B9100986A45 /* AppDelegate.swift */,
				FE4BF76C1BE68B9100986A45 /* ListViewController.swift */,
				FEB5AA3D1C5851130001C3BD /* TermsViewController.swift */,
				FE4BF76E1BE68B9100986A45 /* Main.storyboard */,
				FE4BF7711BE68B9100986A45 /* Assets.xcassets */,
				FE4BF7731BE68B9100986A45 /* LaunchScreen.storyboard */,
				FE4BF7761BE68B9100986A45 /* Info.plist */,
				FE8CB8B31BEBFD690052928E /* DeviceInfoSend-Bridging-Header.h */,
			);
			path = DeviceInfoSend;
			sourceTree = "<group>";
		};
		FE4BF77E1BE68B9100986A45 /* DeviceInfoSendTests */ = {
			isa = PBXGroup;
			children = (
				FE4BF77F1BE68B9100986A45 /* DeviceInfoSendTests.swift */,
				FE4BF7811BE68B9100986A45 /* Info.plist */,
			);
			path = DeviceInfoSendTests;
			sourceTree = "<group>";
		};
		FE4BF7891BE68B9100986A45 /* DeviceInfoSendUITests */ = {
			isa = PBXGroup;
			children = (
				FE4BF78A1BE68B9100986A45 /* DeviceInfoSendUITests.swift */,
				FE4BF78C1BE68B9100986A45 /* Info.plist */,
			);
			path = DeviceInfoSendUITests;
			sourceTree = "<group>";
		};
		FE8CB8B71BEC1F140052928E /* Utilities */ = {
			isa = PBXGroup;
			children = (
				FE8CB8B81BEC1F4B0052928E /* NSObject+PerformBlockAfterDelay.h */,
				FE8CB8B91BEC1F4B0052928E /* NSObject+PerformBlockAfterDelay.m */,
				FE8CB8BA1BEC1F4B0052928E /* SSAccelerometerInfo.h */,
				FE8CB8BB1BEC1F4B0052928E /* SSAccelerometerInfo.m */,
				FE8CB8BC1BEC1F4B0052928E /* SSAccessoryInfo.h */,
				FE8CB8BD1BEC1F4B0052928E /* SSAccessoryInfo.m */,
				FE8CB8BE1BEC1F4B0052928E /* SSApplicationInfo.h */,
				FE8CB8BF1BEC1F4B0052928E /* SSApplicationInfo.m */,
				FE8CB8C01BEC1F4B0052928E /* SSBatteryInfo.h */,
				FE8CB8C11BEC1F4B0052928E /* SSBatteryInfo.m */,
				FE8CB8C21BEC1F4B0052928E /* SSCarrierInfo.h */,
				FE8CB8C31BEC1F4B0052928E /* SSCarrierInfo.m */,
				FE8CB8C41BEC1F4B0052928E /* SSDiskInfo.h */,
				FE8CB8C51BEC1F4B0052928E /* SSDiskInfo.m */,
				FE8CB8C61BEC1F4B0052928E /* SSHardwareInfo.h */,
				FE8CB8C71BEC1F4B0052928E /* SSHardwareInfo.m */,
				FE8CB8C81BEC1F4B0052928E /* SSLocalizationInfo.h */,
				FE8CB8C91BEC1F4B0052928E /* SSLocalizationInfo.m */,
				FE8CB8CA1BEC1F4B0052928E /* SSMemoryInfo.h */,
				FE8CB8CB1BEC1F4B0052928E /* SSMemoryInfo.m */,
				FE8CB8CC1BEC1F4B0052928E /* SSNetworkInfo.h */,
				FE8CB8CD1BEC1F4B0052928E /* SSNetworkInfo.m */,
				FE8CB8CE1BEC1F4B0052928E /* SSProcessInfo.h */,
				FE8CB8CF1BEC1F4B0052928E /* SSProcessInfo.m */,
				FE8CB8D01BEC1F4B0052928E /* SSProcessorInfo.h */,
				FE8CB8D11BEC1F4B0052928E /* SSProcessorInfo.m */,
				FE8CB8D21BEC1F4B0052928E /* SSUUID.h */,
				FE8CB8D31BEC1F4B0052928E /* SSUUID.m */,
				FE8CB8D41BEC1F4B0052928E /* SystemServicesConstants.h */,
				FE4B7B231BF56751002BCCB6 /* route.h */,
			);
			name = Utilities;
			sourceTree = "<group>";
		};
/* End PBXGroup section */

/* Begin PBXNativeTarget section */
		FE4BF7661BE68B9100986A45 /* DeviceInfoSend */ = {
			isa = PBXNativeTarget;
			buildConfigurationList = FE4BF78F1BE68B9100986A45 /* Build configuration list for PBXNativeTarget "DeviceInfoSend" */;
			buildPhases = (
				FE4BF7631BE68B9100986A45 /* Sources */,
				FE4BF7641BE68B9100986A45 /* Frameworks */,
				FE4BF7651BE68B9100986A45 /* Resources */,
			);
			buildRules = (
			);
			dependencies = (
			);
			name = DeviceInfoSend;
			productName = DeviceInfoSend;
			productReference = FE4BF7671BE68B9100986A45 /* DeviceInfoSend.app */;
			productType = "com.apple.product-type.application";
		};
		FE4BF77A1BE68B9100986A45 /* DeviceInfoSendTests */ = {
			isa = PBXNativeTarget;
			buildConfigurationList = FE4BF7921BE68B9100986A45 /* Build configuration list for PBXNativeTarget "DeviceInfoSendTests" */;
			buildPhases = (
				FE4BF7771BE68B9100986A45 /* Sources */,
				FE4BF7781BE68B9100986A45 /* Frameworks */,
				FE4BF7791BE68B9100986A45 /* Resources */,
			);
			buildRules = (
			);
			dependencies = (
				FE4BF77D1BE68B9100986A45 /* PBXTargetDependency */,
			);
			name = DeviceInfoSendTests;
			productName = DeviceInfoSendTests;
			productReference = FE4BF77B1BE68B9100986A45 /* DeviceInfoSendTests.xctest */;
			productType = "com.apple.product-type.bundle.unit-test";
		};
		FE4BF7851BE68B9100986A45 /* DeviceInfoSendUITests */ = {
			isa = PBXNativeTarget;
			buildConfigurationList = FE4BF7951BE68B9100986A45 /* Build configuration list for PBXNativeTarget "DeviceInfoSendUITests" */;
			buildPhases = (
				FE4BF7821BE68B9100986A45 /* Sources */,
				FE4BF7831BE68B9100986A45 /* Frameworks */,
				FE4BF7841BE68B9100986A45 /* Resources */,
			);
			buildRules = (
			);
			dependencies = (
				FE4BF7881BE68B9100986A45 /* PBXTargetDependency */,
			);
			name = DeviceInfoSendUITests;
			productName = DeviceInfoSendUITests;
			productReference = FE4BF7861BE68B9100986A45 /* DeviceInfoSendUITests.xctest */;
			productType = "com.apple.product-type.bundle.ui-testing";
		};
/* End PBXNativeTarget section */

/* Begin PBXProject section */
		FE4BF75F1BE68B9100986A45 /* Project object */ = {
			isa = PBXProject;
			attributes = {
				LastSwiftUpdateCheck = 0710;
				LastUpgradeCheck = 0710;
				ORGANIZATIONNAME = "Michelle Rutherford";
				TargetAttributes = {
					FE4BF7661BE68B9100986A45 = {
						CreatedOnToolsVersion = 7.1;
						DevelopmentTeam = W949M9FF8S;
					};
					FE4BF77A1BE68B9100986A45 = {
						CreatedOnToolsVersion = 7.1;
						TestTargetID = FE4BF7661BE68B9100986A45;
					};
					FE4BF7851BE68B9100986A45 = {
						CreatedOnToolsVersion = 7.1;
						TestTargetID = FE4BF7661BE68B9100986A45;
					};
				};
			};
			buildConfigurationList = FE4BF7621BE68B9100986A45 /* Build configuration list for PBXProject "DeviceInfoSend" */;
			compatibilityVersion = "Xcode 3.2";
			developmentRegion = English;
			hasScannedForEncodings = 0;
			knownRegions = (
				en,
				Base,
			);
			mainGroup = FE4BF75E1BE68B9100986A45;
			productRefGroup = FE4BF7681BE68B9100986A45 /* Products */;
			projectDirPath = "";
			projectRoot = "";
			targets = (
				FE4BF7661BE68B9100986A45 /* DeviceInfoSend */,
				FE4BF77A1BE68B9100986A45 /* DeviceInfoSendTests */,
				FE4BF7851BE68B9100986A45 /* DeviceInfoSendUITests */,
			);
		};
/* End PBXProject section */

/* Begin PBXResourcesBuildPhase section */
		FE4BF7651BE68B9100986A45 /* Resources */ = {
			isa = PBXResourcesBuildPhase;
			buildActionMask = 2147483647;
			files = (
				FE4BF7751BE68B9100986A45 /* LaunchScreen.storyboard in Resources */,
				FE4BF7721BE68B9100986A45 /* Assets.xcassets in Resources */,
				FE4BF7701BE68B9100986A45 /* Main.storyboard in Resources */,
				FEF3D5651C0211BF00DC68C8 /* question1.jpeg in Resources */,
			);
			runOnlyForDeploymentPostprocessing = 0;
		};
		FE4BF7791BE68B9100986A45 /* Resources */ = {
			isa = PBXResourcesBuildPhase;
			buildActionMask = 2147483647;
			files = (
			);
			runOnlyForDeploymentPostprocessing = 0;
		};
		FE4BF7841BE68B9100986A45 /* Resources */ = {
			isa = PBXResourcesBuildPhase;
			buildActionMask = 2147483647;
			files = (
			);
			runOnlyForDeploymentPostprocessing = 0;
		};
/* End PBXResourcesBuildPhase section */

/* Begin PBXSourcesBuildPhase section */
		FE4BF7631BE68B9100986A45 /* Sources */ = {
			isa = PBXSourcesBuildPhase;
			buildActionMask = 2147483647;
			files = (
				FE8CB8DF1BEC1F4B0052928E /* SSNetworkInfo.m in Sources */,
				FE8CB8D71BEC1F4B0052928E /* SSAccessoryInfo.m in Sources */,
				FE8CB8E01BEC1F4B0052928E /* SSProcessInfo.m in Sources */,
				FE8CB8DC1BEC1F4B0052928E /* SSHardwareInfo.m in Sources */,
				FE8CB8DD1BEC1F4B0052928E /* SSLocalizationInfo.m in Sources */,
				FE8CB8DA1BEC1F4B0052928E /* SSCarrierInfo.m in Sources */,
				FE8CB8DB1BEC1F4B0052928E /* SSDiskInfo.m in Sources */,
				FE59379C1BFE72E400D4B551 /* ChecklistItem.swift in Sources */,
				FE8CB8DE1BEC1F4B0052928E /* SSMemoryInfo.m in Sources */,
				FE8CB8D61BEC1F4B0052928E /* SSAccelerometerInfo.m in Sources */,
				FEB5AA3E1C5851130001C3BD /* TermsViewController.swift in Sources */,
				FE4BF76D1BE68B9100986A45 /* ListViewController.swift in Sources */,
				FE4BF76B1BE68B9100986A45 /* AppDelegate.swift in Sources */,
				FE8CB8D51BEC1F4B0052928E /* NSObject+PerformBlockAfterDelay.m in Sources */,
				FE8CB8E21BEC1F4B0052928E /* SSUUID.m in Sources */,
				FE8CB8B61BEBFD6A0052928E /* SystemServices.m in Sources */,
				FE8CB8D81BEC1F4B0052928E /* SSApplicationInfo.m in Sources */,
				FE8CB8E11BEC1F4B0052928E /* SSProcessorInfo.m in Sources */,
				FE8CB8D91BEC1F4B0052928E /* SSBatteryInfo.m in Sources */,
			);
			runOnlyForDeploymentPostprocessing = 0;
		};
		FE4BF7771BE68B9100986A45 /* Sources */ = {
			isa = PBXSourcesBuildPhase;
			buildActionMask = 2147483647;
			files = (
				FE4BF7801BE68B9100986A45 /* DeviceInfoSendTests.swift in Sources */,
			);
			runOnlyForDeploymentPostprocessing = 0;
		};
		FE4BF7821BE68B9100986A45 /* Sources */ = {
			isa = PBXSourcesBuildPhase;
			buildActionMask = 2147483647;
			files = (
				FE4BF78B1BE68B9100986A45 /* DeviceInfoSendUITests.swift in Sources */,
			);
			runOnlyForDeploymentPostprocessing = 0;
		};
/* End PBXSourcesBuildPhase section */

/* Begin PBXTargetDependency section */
		FE4BF77D1BE68B9100986A45 /* PBXTargetDependency */ = {
			isa = PBXTargetDependency;
			target = FE4BF7661BE68B9100986A45 /* DeviceInfoSend */;
			targetProxy = FE4BF77C1BE68B9100986A45 /* PBXContainerItemProxy */;
		};
		FE4BF7881BE68B9100986A45 /* PBXTargetDependency */ = {
			isa = PBXTargetDependency;
			target = FE4BF7661BE68B9100986A45 /* DeviceInfoSend */;
			targetProxy = FE4BF7871BE68B9100986A45 /* PBXContainerItemProxy */;
		};
/* End PBXTargetDependency section */

/* Begin PBXVariantGroup section */
		FE4BF76E1BE68B9100986A45 /* Main.storyboard */ = {
			isa = PBXVariantGroup;
			children = (
				FE4BF76F1BE68B9100986A45 /* Base */,
			);
			name = Main.storyboard;
			sourceTree = "<group>";
		};
		FE4BF7731BE68B9100986A45 /* LaunchScreen.storyboard */ = {
			isa = PBXVariantGroup;
			children = (
				FE4BF7741BE68B9100986A45 /* Base */,
			);
			name = LaunchScreen.storyboard;
			sourceTree = "<group>";
		};
/* End PBXVariantGroup section */

/* Begin XCBuildConfiguration section */
		FE4BF78D1BE68B9100986A45 /* Debug */ = {
			isa = XCBuildConfiguration;
			buildSettings = {
				ALWAYS_SEARCH_USER_PATHS = NO;
				CLANG_CXX_LANGUAGE_STANDARD = "gnu++0x";
				CLANG_CXX_LIBRARY = "libc++";
				CLANG_ENABLE_MODULES = YES;
				CLANG_ENABLE_OBJC_ARC = YES;
				CLANG_WARN_BOOL_CONVERSION = YES;
				CLANG_WARN_CONSTANT_CONVERSION = YES;
				CLANG_WARN_DIRECT_OBJC_ISA_USAGE = YES_ERROR;
				CLANG_WARN_EMPTY_BODY = YES;
				CLANG_WARN_ENUM_CONVERSION = YES;
				CLANG_WARN_INT_CONVERSION = YES;
				CLANG_WARN_OBJC_ROOT_CLASS = YES_ERROR;
				CLANG_WARN_UNREACHABLE_CODE = YES;
				CLANG_WARN__DUPLICATE_METHOD_MATCH = YES;
				"CODE_SIGN_IDENTITY[sdk=iphoneos*]" = "iPhone Developer";
				COPY_PHASE_STRIP = NO;
				DEBUG_INFORMATION_FORMAT = dwarf;
				ENABLE_STRICT_OBJC_MSGSEND = YES;
				ENABLE_TESTABILITY = YES;
				GCC_C_LANGUAGE_STANDARD = gnu99;
				GCC_DYNAMIC_NO_PIC = NO;
				GCC_NO_COMMON_BLOCKS = YES;
				GCC_OPTIMIZATION_LEVEL = 0;
				GCC_PREPROCESSOR_DEFINITIONS = (
					"DEBUG=1",
					"$(inherited)",
				);
				GCC_WARN_64_TO_32_BIT_CONVERSION = YES;
				GCC_WARN_ABOUT_RETURN_TYPE = YES_ERROR;
				GCC_WARN_UNDECLARED_SELECTOR = YES;
				GCC_WARN_UNINITIALIZED_AUTOS = YES_AGGRESSIVE;
				GCC_WARN_UNUSED_FUNCTION = YES;
				GCC_WARN_UNUSED_VARIABLE = YES;
				IPHONEOS_DEPLOYMENT_TARGET = 9.1;
				MTL_ENABLE_DEBUG_INFO = YES;
				ONLY_ACTIVE_ARCH = YES;
				SDKROOT = iphoneos;
				SWIFT_OPTIMIZATION_LEVEL = "-Onone";
				TARGETED_DEVICE_FAMILY = "1,2";
			};
			name = Debug;
		};
		FE4BF78E1BE68B9100986A45 /* Release */ = {
			isa = XCBuildConfiguration;
			buildSettings = {
				ALWAYS_SEARCH_USER_PATHS = NO;
				CLANG_CXX_LANGUAGE_STANDARD = "gnu++0x";
				CLANG_CXX_LIBRARY = "libc++";
				CLANG_ENABLE_MODULES = YES;
				CLANG_ENABLE_OBJC_ARC = YES;
				CLANG_WARN_BOOL_CONVERSION = YES;
				CLANG_WARN_CONSTANT_CONVERSION = YES;
				CLANG_WARN_DIRECT_OBJC_ISA_USAGE = YES_ERROR;
				CLANG_WARN_EMPTY_BODY = YES;
				CLANG_WARN_ENUM_CONVERSION = YES;
				CLANG_WARN_INT_CONVERSION = YES;
				CLANG_WARN_OBJC_ROOT_CLASS = YES_ERROR;
				CLANG_WARN_UNREACHABLE_CODE = YES;
				CLANG_WARN__DUPLICATE_METHOD_MATCH = YES;
				"CODE_SIGN_IDENTITY[sdk=iphoneos*]" = "iPhone Developer";
				COPY_PHASE_STRIP = NO;
				DEBUG_INFORMATION_FORMAT = "dwarf-with-dsym";
				ENABLE_NS_ASSERTIONS = NO;
				ENABLE_STRICT_OBJC_MSGSEND = YES;
				GCC_C_LANGUAGE_STANDARD = gnu99;
				GCC_NO_COMMON_BLOCKS = YES;
				GCC_WARN_64_TO_32_BIT_CONVERSION = YES;
				GCC_WARN_ABOUT_RETURN_TYPE = YES_ERROR;
				GCC_WARN_UNDECLARED_SELECTOR = YES;
				GCC_WARN_UNINITIALIZED_AUTOS = YES_AGGRESSIVE;
				GCC_WARN_UNUSED_FUNCTION = YES;
				GCC_WARN_UNUSED_VARIABLE = YES;
				IPHONEOS_DEPLOYMENT_TARGET = 9.1;
				MTL_ENABLE_DEBUG_INFO = NO;
				SDKROOT = iphoneos;
				TARGETED_DEVICE_FAMILY = "1,2";
				VALIDATE_PRODUCT = YES;
			};
			name = Release;
		};
		FE4BF7901BE68B9100986A45 /* Debug */ = {
			isa = XCBuildConfiguration;
			buildSettings = {
				ASSETCATALOG_COMPILER_APPICON_NAME = AppIcon;
				CLANG_ENABLE_MODULES = YES;
				CODE_SIGN_IDENTITY = "iPhone Developer";
				"CODE_SIGN_IDENTITY[sdk=iphoneos*]" = "iPhone Developer";
				INFOPLIST_FILE = DeviceInfoSend/Info.plist;
				IPHONEOS_DEPLOYMENT_TARGET = 9.0;
				LD_RUNPATH_SEARCH_PATHS = "$(inherited) @executable_path/Frameworks";
				PRODUCT_BUNDLE_IDENTIFIER = com.wwgdev.DeviceInfoSend;
				PRODUCT_NAME = "$(TARGET_NAME)";
				PROVISIONING_PROFILE = "";
				SWIFT_OBJC_BRIDGING_HEADER = "DeviceInfoSend/DeviceInfoSend-Bridging-Header.h";
				SWIFT_OPTIMIZATION_LEVEL = "-Onone";
			};
			name = Debug;
		};
		FE4BF7911BE68B9100986A45 /* Release */ = {
			isa = XCBuildConfiguration;
			buildSettings = {
				ASSETCATALOG_COMPILER_APPICON_NAME = AppIcon;
				CLANG_ENABLE_MODULES = YES;
				CODE_SIGN_IDENTITY = "iPhone Developer";
				"CODE_SIGN_IDENTITY[sdk=iphoneos*]" = "iPhone Developer";
				INFOPLIST_FILE = DeviceInfoSend/Info.plist;
				IPHONEOS_DEPLOYMENT_TARGET = 9.0;
				LD_RUNPATH_SEARCH_PATHS = "$(inherited) @executable_path/Frameworks";
				PRODUCT_BUNDLE_IDENTIFIER = com.wwgdev.DeviceInfoSend;
				PRODUCT_NAME = "$(TARGET_NAME)";
				PROVISIONING_PROFILE = "";
				SWIFT_OBJC_BRIDGING_HEADER = "DeviceInfoSend/DeviceInfoSend-Bridging-Header.h";
			};
			name = Release;
		};
		FE4BF7931BE68B9100986A45 /* Debug */ = {
			isa = XCBuildConfiguration;
			buildSettings = {
				BUNDLE_LOADER = "$(TEST_HOST)";
				INFOPLIST_FILE = DeviceInfoSendTests/Info.plist;
				LD_RUNPATH_SEARCH_PATHS = "$(inherited) @executable_path/Frameworks @loader_path/Frameworks";
				PRODUCT_BUNDLE_IDENTIFIER = com.wwgdev.DeviceInfoSendTests;
				PRODUCT_NAME = "$(TARGET_NAME)";
				TEST_HOST = "$(BUILT_PRODUCTS_DIR)/DeviceInfoSend.app/DeviceInfoSend";
			};
			name = Debug;
		};
		FE4BF7941BE68B9100986A45 /* Release */ = {
			isa = XCBuildConfiguration;
			buildSettings = {
				BUNDLE_LOADER = "$(TEST_HOST)";
				INFOPLIST_FILE = DeviceInfoSendTests/Info.plist;
				LD_RUNPATH_SEARCH_PATHS = "$(inherited) @executable_path/Frameworks @loader_path/Frameworks";
				PRODUCT_BUNDLE_IDENTIFIER = com.wwgdev.DeviceInfoSendTests;
				PRODUCT_NAME = "$(TARGET_NAME)";
				TEST_HOST = "$(BUILT_PRODUCTS_DIR)/DeviceInfoSend.app/DeviceInfoSend";
			};
			name = Release;
		};
		FE4BF7961BE68B9100986A45 /* Debug */ = {
			isa = XCBuildConfiguration;
			buildSettings = {
				INFOPLIST_FILE = DeviceInfoSendUITests/Info.plist;
				LD_RUNPATH_SEARCH_PATHS = "$(inherited) @executable_path/Frameworks @loader_path/Frameworks";
				PRODUCT_BUNDLE_IDENTIFIER = com.wwgdev.DeviceInfoSendUITests;
				PRODUCT_NAME = "$(TARGET_NAME)";
				TEST_TARGET_NAME = DeviceInfoSend;
				USES_XCTRUNNER = YES;
			};
			name = Debug;
		};
		FE4BF7971BE68B9100986A45 /* Release */ = {
			isa = XCBuildConfiguration;
			buildSettings = {
				INFOPLIST_FILE = DeviceInfoSendUITests/Info.plist;
				LD_RUNPATH_SEARCH_PATHS = "$(inherited) @executable_path/Frameworks @loader_path/Frameworks";
				PRODUCT_BUNDLE_IDENTIFIER = com.wwgdev.DeviceInfoSendUITests;
				PRODUCT_NAME = "$(TARGET_NAME)";
				TEST_TARGET_NAME = DeviceInfoSend;
				USES_XCTRUNNER = YES;
			};
			name = Release;
		};
/* End XCBuildConfiguration section */

/* Begin XCConfigurationList section */
		FE4BF7621BE68B9100986A45 /* Build configuration list for PBXProject "DeviceInfoSend" */ = {
			isa = XCConfigurationList;
			buildConfigurations = (
				FE4BF78D1BE68B9100986A45 /* Debug */,
				FE4BF78E1BE68B9100986A45 /* Release */,
			);
			defaultConfigurationIsVisible = 0;
			defaultConfigurationName = Release;
		};
		FE4BF78F1BE68B9100986A45 /* Build configuration list for PBXNativeTarget "DeviceInfoSend" */ = {
			isa = XCConfigurationList;
			buildConfigurations = (
				FE4BF7901BE68B9100986A45 /* Debug */,
				FE4BF7911BE68B9100986A45 /* Release */,
			);
			defaultConfigurationIsVisible = 0;
			defaultConfigurationName = Release;
		};
		FE4BF7921BE68B9100986A45 /* Build configuration list for PBXNativeTarget "DeviceInfoSendTests" */ = {
			isa = XCConfigurationList;
			buildConfigurations = (
				FE4BF7931BE68B9100986A45 /* Debug */,
				FE4BF7941BE68B9100986A45 /* Release */,
			);
			defaultConfigurationIsVisible = 0;
			defaultConfigurationName = Release;
		};
		FE4BF7951BE68B9100986A45 /* Build configuration list for PBXNativeTarget "DeviceInfoSendUITests" */ = {
			isa = XCConfigurationList;
			buildConfigurations = (
				FE4BF7961BE68B9100986A45 /* Debug */,
				FE4BF7971BE68B9100986A45 /* Release */,
			);
			defaultConfigurationIsVisible = 0;
			defaultConfigurationName = Release;
		};
/* End XCConfigurationList section */
	};
	rootObject = FE4BF75F1BE68B9100986A45 /* Project object */;
}
